
Microsoft Visual Studio Solution File, Format Version 12.00
# Visual Studio Version 17
VisualStudioVersion = 17.3.32901.215
MinimumVisualStudioVersion = 10.0.40219.1
Project("{2150E333-8FDC-42A3-9474-1A3956D46DE8}") = "Main Project", "Main Project", "{1F7C8173-E398-4D57-A714-26CDC5644C48}"
EndProject
Project("{9A19103F-16F7-4668-BE54-9A1E7A4F7556}") = "Mango.Web", "Mango.Web\Mango.Web.csproj", "{BECB598B-9C7A-4CDC-801F-7EF2DE3CA60C}"
EndProject
Project("{2150E333-8FDC-42A3-9474-1A3956D46DE8}") = "Services", "Services", "{47207594-DBDF-43C0-8F3A-CEA5F78C0E7D}"
EndProject
Project("{9A19103F-16F7-4668-BE54-9A1E7A4F7556}") = "Mango.Services.ProductAPI", "Mango.Services.ProductAPI\Mango.Services.ProductAPI.csproj", "{7F5E989A-E0AB-4FDB-A369-E57BEC2BDEF7}"
EndProject
Global
	GlobalSection(SolutionConfigurationPlatforms) = preSolution
		Debug|Any CPU = Debug|Any CPU
		Release|Any CPU = Release|Any CPU
	EndGlobalSection
	GlobalSection(ProjectConfigurationPlatforms) = postSolution
		{BECB598B-9C7A-4CDC-801F-7EF2DE3CA60C}.Debug|Any CPU.ActiveCfg = Debug|Any CPU
		{BECB598B-9C7A-4CDC-801F-7EF2DE3CA60C}.Debug|Any CPU.Build.0 = Debug|Any CPU
		{BECB598B-9C7A-4CDC-801F-7EF2DE3CA60C}.Release|Any CPU.ActiveCfg = Release|Any CPU
		{BECB598B-9C7A-4CDC-801F-7EF2DE3CA60C}.Release|Any CPU.Build.0 = Release|Any CPU
		{7F5E989A-E0AB-4FDB-A369-E57BEC2BDEF7}.Debug|Any CPU.ActiveCfg = Debug|Any CPU
		{7F5E989A-E0AB-4FDB-A369-E57BEC2BDEF7}.Debug|Any CPU.Build.0 = Debug|Any CPU
		{7F5E989A-E0AB-4FDB-A369-E57BEC2BDEF7}.Release|Any CPU.ActiveCfg = Release|Any CPU
		{7F5E989A-E0AB-4FDB-A369-E57BEC2BDEF7}.Release|Any CPU.Build.0 = Release|Any CPU
	EndGlobalSection
	GlobalSection(SolutionProperties) = preSolution
		HideSolutionNode = FALSE
	EndGlobalSection
	GlobalSection(NestedProjects) = preSolution
		{BECB598B-9C7A-4CDC-801F-7EF2DE3CA60C} = {1F7C8173-E398-4D57-A714-26CDC5644C48}
		{7F5E989A-E0AB-4FDB-A369-E57BEC2BDEF7} = {47207594-DBDF-43C0-8F3A-CEA5F78C0E7D}
	EndGlobalSection
	GlobalSection(ExtensibilityGlobals) = postSolution
		SolutionGuid = {EEFFFB7D-1B00-48E9-A031-1EE1BA1A6E8C}
	EndGlobalSection
EndGlobal
